
Microsoft Visual Studio Solution File, Format Version 12.00
# Visual Studio Version 16
VisualStudioVersion = 16.0.31515.178
MinimumVisualStudioVersion = 10.0.40219.1
Project("{FAE04EC0-301F-11D3-BF4B-00C04F79EFBC}") = "HelloWorld", "HelloWorld.csproj", "{C917F940-CC3D-42FF-AC1E-07B95F261081}"
EndProject
Global
	GlobalSection(SolutionConfigurationPlatforms) = preSolution
		Debug|Any CPU = Debug|Any CPU
		Release|Any CPU = Release|Any CPU
	EndGlobalSection
	GlobalSection(ProjectConfigurationPlatforms) = postSolution
		{C917F940-CC3D-42FF-AC1E-07B95F261081}.Debug|Any CPU.ActiveCfg = Debug|Any CPU
		{C917F940-CC3D-42FF-AC1E-07B95F261081}.Debug|Any CPU.Build.0 = Debug|Any CPU
		{C917F940-CC3D-42FF-AC1E-07B95F261081}.Release|Any CPU.ActiveCfg = Release|Any CPU
		{C917F940-CC3D-42FF-AC1E-07B95F261081}.Release|Any CPU.Build.0 = Release|Any CPU
	EndGlobalSection
	GlobalSection(SolutionProperties) = preSolution
		HideSolutionNode = FALSE
	EndGlobalSection
	GlobalSection(ExtensibilityGlobals) = postSolution
		SolutionGuid = {48E3374A-E7EF-4267-A790-144E47981FC4}
	EndGlobalSection
EndGlobal
